{
  "name": "el-mundo",
  "version": "1.0.0",
  "lockfileVersion": 1,
  "requires": true,
  "dependencies": {
    "@google/maps": {
      "version": "0.5.5",
      "resolved": "https://registry.npmjs.org/@google/maps/-/maps-0.5.5.tgz",
      "integrity": "sha512-RSZriyE2XViVhXgdEcQaEu3jMYh2A/jS0VahLHXqGO0VfPyEbDac4PAn7/hBJiTavWpxchKfe5OI9inJofFWxA==",
      "requires": {
        "uuid": ">=2.2.1"
      }
    },
    "cesium": {
      "version": "1.55.0",
      "resolved": "https://registry.npmjs.org/cesium/-/cesium-1.55.0.tgz",
      "integrity": "sha512-8saiPqqgkkd1igaasE8AyKUonhkoGvDgApW7/lgJmsxNM6lHYCuIludre/WsJ1f4ozdydbZVDqdOpYWLOUi5XA==",
      "requires": {
        "requirejs": "^2.3.2"
      }
    },
    "requirejs": {
      "version": "2.3.6",
      "resolved": "https://registry.npmjs.org/requirejs/-/requirejs-2.3.6.tgz",
      "integrity": "sha512-ipEzlWQe6RK3jkzikgCupiTbTvm4S0/CAU5GlgptkN5SO6F3u0UD0K18wy6ErDqiCyP4J4YYe1HuAShvsxePLg=="
    },
    "uuid": {
      "version": "3.3.2",
      "resolved": "https://registry.npmjs.org/uuid/-/uuid-3.3.2.tgz",
      "integrity": "sha512-yXJmeNaw3DnnKAOKJE51sL/ZaYfWJRl1pK9dr19YFCu0ObS231AB1/LbqTKRAQ5kw8A90rA6fr4riOUpTZvQZA=="
    }
  }
}
